{
  "name": "@wexample/js-api",
  "version": "0.0.38",
  "lockfileVersion": 2,
  "requires": true,
  "packages": {
    "": {
      "name": "@wexample/js-api",
      "version": "0.0.38",
      "dependencies": {
        "@wexample/js-helpers": "0.0.36",
        "ky": "^1.4.0"
      },
      "devDependencies": {
        "typescript": "^5.9.3"
      }
    },
    "node_modules/@wexample/js-helpers": {
      "version": "0.0.36",
      "resolved": "https://registry.npmjs.org/@wexample/js-helpers/-/js-helpers-0.0.36.tgz",
      "integrity": "sha512-SmwudEGCE6l3Zvy404/JVBvGOUYGF/zht42rsFMQAd14v9ylK0DhFbchjUbdH6v6wTB2WTwzZFRXG9/bgqLpdQ==",
      "engines": {
        "node": ">=18"
      }
    },
    "node_modules/ky": {
      "version": "1.14.2",
      "resolved": "https://registry.npmjs.org/ky/-/ky-1.14.2.tgz",
      "integrity": "sha512-q3RBbsO5A5zrPhB6CaCS8ZUv+NWCXv6JJT4Em0i264G9W0fdPB8YRfnnEi7Dm7X7omAkBIPojzYJ2D1oHTHqug==",
      "engines": {
        "node": ">=18"
      },
      "funding": {
        "url": "https://github.com/sindresorhus/ky?sponsor=1"
      }
    },
    "node_modules/typescript": {
      "version": "5.9.3",
      "resolved": "https://registry.npmjs.org/typescript/-/typescript-5.9.3.tgz",
      "integrity": "sha512-jl1vZzPDinLr9eUt3J/t7V6FgNEw9QjvBPdysz9KfQDD41fQrC2Y4vKQdiaUpFT4bXlb1RHhLpp8wtm6M5TgSw==",
      "dev": true,
      "bin": {
        "tsc": "bin/tsc",
        "tsserver": "bin/tsserver"
      },
      "engines": {
        "node": ">=14.17"
      }
    }
  },
  "dependencies": {
    "@wexample/js-helpers": {
      "version": "0.0.36",
      "resolved": "https://registry.npmjs.org/@wexample/js-helpers/-/js-helpers-0.0.36.tgz",
      "integrity": "sha512-SmwudEGCE6l3Zvy404/JVBvGOUYGF/zht42rsFMQAd14v9ylK0DhFbchjUbdH6v6wTB2WTwzZFRXG9/bgqLpdQ=="
    },
    "ky": {
      "version": "1.14.2",
      "resolved": "https://registry.npmjs.org/ky/-/ky-1.14.2.tgz",
      "integrity": "sha512-q3RBbsO5A5zrPhB6CaCS8ZUv+NWCXv6JJT4Em0i264G9W0fdPB8YRfnnEi7Dm7X7omAkBIPojzYJ2D1oHTHqug=="
    },
    "typescript": {
      "version": "5.9.3",
      "resolved": "https://registry.npmjs.org/typescript/-/typescript-5.9.3.tgz",
      "integrity": "sha512-jl1vZzPDinLr9eUt3J/t7V6FgNEw9QjvBPdysz9KfQDD41fQrC2Y4vKQdiaUpFT4bXlb1RHhLpp8wtm6M5TgSw==",
      "dev": true
    }
  }
}
