# THIS IS AN AUTOGENERATED FILE. DO NOT EDIT THIS FILE DIRECTLY.
# yarn lockfile v1


"@wexample/js-helpers@*":
  "integrity" "sha512-kPmmGiSDQHEYwkJwwOdflp52O9fZ8tMZm1PWnrhD0Qluh1z9JM+24rFlcfFjY1LZ+8off2hYUaR53M+Bohb9Pw=="
  "resolved" "https://registry.npmjs.org/@wexample/js-helpers/-/js-helpers-0.0.12.tgz"
  "version" "0.0.12"

"ky@^1.4.0":
  "integrity" "sha512-q3RBbsO5A5zrPhB6CaCS8ZUv+NWCXv6JJT4Em0i264G9W0fdPB8YRfnnEi7Dm7X7omAkBIPojzYJ2D1oHTHqug=="
  "resolved" "https://registry.npmjs.org/ky/-/ky-1.14.2.tgz"
  "version" "1.14.2"

"typescript@^5.9.3":
  "integrity" "sha512-jl1vZzPDinLr9eUt3J/t7V6FgNEw9QjvBPdysz9KfQDD41fQrC2Y4vKQdiaUpFT4bXlb1RHhLpp8wtm6M5TgSw=="
  "resolved" "https://registry.npmjs.org/typescript/-/typescript-5.9.3.tgz"
  "version" "5.9.3"
