# THIS IS AN AUTOGENERATED FILE. DO NOT EDIT THIS FILE DIRECTLY.
# yarn lockfile v1


ky@^1.4.0:
  version "1.14.2"
  resolved "https://registry.yarnpkg.com/ky/-/ky-1.14.2.tgz#385d6d05d2825502e68898ace125124e6fe7357d"
  integrity sha512-q3RBbsO5A5zrPhB6CaCS8ZUv+NWCXv6JJT4Em0i264G9W0fdPB8YRfnnEi7Dm7X7omAkBIPojzYJ2D1oHTHqug==
